// !$*UTF8*$!
{
	archiveVersion = 1;
	classes = {
	};
	objectVersion = 55;
	objects = {

/* Begin PBXBuildFile section */
		0F9A6C90281C4362008EDF32 /* ProductListView.swift in Sources */ = {isa = PBXBuildFile; fileRef = 0F9A6C8F281C4362008EDF32 /* ProductListView.swift */; };
		0F9A6C92281C4374008EDF32 /* ProductListViewController.swift in Sources */ = {isa = PBXBuildFile; fileRef = 0F9A6C91281C4374008EDF32 /* ProductListViewController.swift */; };
		0F9A6C94281C438B008EDF32 /* ProductListPresenter.swift in Sources */ = {isa = PBXBuildFile; fileRef = 0F9A6C93281C438B008EDF32 /* ProductListPresenter.swift */; };
		0F9A6C96281C43A1008EDF32 /* ProductListInteractor.swift in Sources */ = {isa = PBXBuildFile; fileRef = 0F9A6C95281C43A1008EDF32 /* ProductListInteractor.swift */; };
		0F9A6C98281C43AF008EDF32 /* ProductListRouter.swift in Sources */ = {isa = PBXBuildFile; fileRef = 0F9A6C97281C43AF008EDF32 /* ProductListRouter.swift */; };
		0F9A6C9B281C43CA008EDF32 /* CartListView.swift in Sources */ = {isa = PBXBuildFile; fileRef = 0F9A6C9A281C43CA008EDF32 /* CartListView.swift */; };
		0F9A6C9D281C43D5008EDF32 /* CartListViewController.swift in Sources */ = {isa = PBXBuildFile; fileRef = 0F9A6C9C281C43D5008EDF32 /* CartListViewController.swift */; };
		0F9A6C9F281C43E0008EDF32 /* CartListPresenter.swift in Sources */ = {isa = PBXBuildFile; fileRef = 0F9A6C9E281C43E0008EDF32 /* CartListPresenter.swift */; };
		0F9A6CA1281C43EE008EDF32 /* CartListInteractor.swift in Sources */ = {isa = PBXBuildFile; fileRef = 0F9A6CA0281C43EE008EDF32 /* CartListInteractor.swift */; };
		0F9A6CA4281C4406008EDF32 /* Product.swift in Sources */ = {isa = PBXBuildFile; fileRef = 0F9A6CA3281C4406008EDF32 /* Product.swift */; };
		0F9A6CA8281C5595008EDF32 /* ProductsWebService.swift in Sources */ = {isa = PBXBuildFile; fileRef = 0F9A6CA7281C5594008EDF32 /* ProductsWebService.swift */; };
		0F9A6CAA281C55EF008EDF32 /* DataModel.swift in Sources */ = {isa = PBXBuildFile; fileRef = 0F9A6CA9281C55EF008EDF32 /* DataModel.swift */; };
		0F9A6CAD281C5BD7008EDF32 /* ProductTableViewCell.swift in Sources */ = {isa = PBXBuildFile; fileRef = 0F9A6CAC281C5BD7008EDF32 /* ProductTableViewCell.swift */; };
		0F9A6CB0281C5FDE008EDF32 /* UiView+Extension.swift in Sources */ = {isa = PBXBuildFile; fileRef = 0F9A6CAF281C5FDE008EDF32 /* UiView+Extension.swift */; };
		0F9A6CB628219729008EDF32 /* StarRatingsView.swift in Sources */ = {isa = PBXBuildFile; fileRef = 0F9A6CB528219729008EDF32 /* StarRatingsView.swift */; };
		0F9A6CB82821FA8E008EDF32 /* ImageCacheLoader.swift in Sources */ = {isa = PBXBuildFile; fileRef = 0F9A6CB72821FA8E008EDF32 /* ImageCacheLoader.swift */; };
		8F69569E2821B7F300436F67 /* EndpointProvider.swift in Sources */ = {isa = PBXBuildFile; fileRef = 8F69569D2821B7F300436F67 /* EndpointProvider.swift */; };
		8FA27F0C281EF88000DC32E2 /* ProductsList.swift in Sources */ = {isa = PBXBuildFile; fileRef = 8FA27F0B281EF88000DC32E2 /* ProductsList.swift */; };
		8FA27F102820989800DC32E2 /* NetworkClient.swift in Sources */ = {isa = PBXBuildFile; fileRef = 8FA27F0F2820989700DC32E2 /* NetworkClient.swift */; };
		A877813728171AF600A9584E /* AppDelegate.swift in Sources */ = {isa = PBXBuildFile; fileRef = A877813628171AF600A9584E /* AppDelegate.swift */; };
		A877813928171AF600A9584E /* SceneDelegate.swift in Sources */ = {isa = PBXBuildFile; fileRef = A877813828171AF600A9584E /* SceneDelegate.swift */; };
		A877813B28171AF600A9584E /* ViewController.swift in Sources */ = {isa = PBXBuildFile; fileRef = A877813A28171AF600A9584E /* ViewController.swift */; };
		A877814028171AF700A9584E /* Assets.xcassets in Resources */ = {isa = PBXBuildFile; fileRef = A877813F28171AF700A9584E /* Assets.xcassets */; };
		A877814328171AF700A9584E /* LaunchScreen.storyboard in Resources */ = {isa = PBXBuildFile; fileRef = A877814128171AF700A9584E /* LaunchScreen.storyboard */; };
		A877814E28171AF700A9584E /* CapitalOneShoppingCartDemoTests.swift in Sources */ = {isa = PBXBuildFile; fileRef = A877814D28171AF700A9584E /* CapitalOneShoppingCartDemoTests.swift */; };
		A877815828171AF700A9584E /* CapitalOneShoppingCartDemoUITests.swift in Sources */ = {isa = PBXBuildFile; fileRef = A877815728171AF700A9584E /* CapitalOneShoppingCartDemoUITests.swift */; };
		A877815A28171AF700A9584E /* CapitalOneShoppingCartDemoUITestsLaunchTests.swift in Sources */ = {isa = PBXBuildFile; fileRef = A877815928171AF700A9584E /* CapitalOneShoppingCartDemoUITestsLaunchTests.swift */; };
/* End PBXBuildFile section */

/* Begin PBXContainerItemProxy section */
		A877814A28171AF700A9584E /* PBXContainerItemProxy */ = {
			isa = PBXContainerItemProxy;
			containerPortal = A877812B28171AF600A9584E /* Project object */;
			proxyType = 1;
			remoteGlobalIDString = A877813228171AF600A9584E;
			remoteInfo = CapitalOneShoppingCartDemo;
		};
		A877815428171AF700A9584E /* PBXContainerItemProxy */ = {
			isa = PBXContainerItemProxy;
			containerPortal = A877812B28171AF600A9584E /* Project object */;
			proxyType = 1;
			remoteGlobalIDString = A877813228171AF600A9584E;
			remoteInfo = CapitalOneShoppingCartDemo;
		};
/* End PBXContainerItemProxy section */

/* Begin PBXFileReference section */
		0F9A6C8F281C4362008EDF32 /* ProductListView.swift */ = {isa = PBXFileReference; lastKnownFileType = sourcecode.swift; path = ProductListView.swift; sourceTree = "<group>"; };
		0F9A6C91281C4374008EDF32 /* ProductListViewController.swift */ = {isa = PBXFileReference; lastKnownFileType = sourcecode.swift; path = ProductListViewController.swift; sourceTree = "<group>"; };
		0F9A6C93281C438B008EDF32 /* ProductListPresenter.swift */ = {isa = PBXFileReference; lastKnownFileType = sourcecode.swift; path = ProductListPresenter.swift; sourceTree = "<group>"; };
		0F9A6C95281C43A1008EDF32 /* ProductListInteractor.swift */ = {isa = PBXFileReference; lastKnownFileType = sourcecode.swift; path = ProductListInteractor.swift; sourceTree = "<group>"; };
		0F9A6C97281C43AF008EDF32 /* ProductListRouter.swift */ = {isa = PBXFileReference; lastKnownFileType = sourcecode.swift; path = ProductListRouter.swift; sourceTree = "<group>"; };
		0F9A6C9A281C43CA008EDF32 /* CartListView.swift */ = {isa = PBXFileReference; lastKnownFileType = sourcecode.swift; path = CartListView.swift; sourceTree = "<group>"; };
		0F9A6C9C281C43D5008EDF32 /* CartListViewController.swift */ = {isa = PBXFileReference; lastKnownFileType = sourcecode.swift; path = CartListViewController.swift; sourceTree = "<group>"; };
		0F9A6C9E281C43E0008EDF32 /* CartListPresenter.swift */ = {isa = PBXFileReference; lastKnownFileType = sourcecode.swift; path = CartListPresenter.swift; sourceTree = "<group>"; };
		0F9A6CA0281C43EE008EDF32 /* CartListInteractor.swift */ = {isa = PBXFileReference; lastKnownFileType = sourcecode.swift; path = CartListInteractor.swift; sourceTree = "<group>"; };
		0F9A6CA3281C4406008EDF32 /* Product.swift */ = {isa = PBXFileReference; lastKnownFileType = sourcecode.swift; path = Product.swift; sourceTree = "<group>"; };
		0F9A6CA7281C5594008EDF32 /* ProductsWebService.swift */ = {isa = PBXFileReference; lastKnownFileType = sourcecode.swift; path = ProductsWebService.swift; sourceTree = "<group>"; };
		0F9A6CA9281C55EF008EDF32 /* DataModel.swift */ = {isa = PBXFileReference; lastKnownFileType = sourcecode.swift; path = DataModel.swift; sourceTree = "<group>"; };
		0F9A6CAC281C5BD7008EDF32 /* ProductTableViewCell.swift */ = {isa = PBXFileReference; lastKnownFileType = sourcecode.swift; path = ProductTableViewCell.swift; sourceTree = "<group>"; };
		0F9A6CAF281C5FDE008EDF32 /* UiView+Extension.swift */ = {isa = PBXFileReference; lastKnownFileType = sourcecode.swift; path = "UiView+Extension.swift"; sourceTree = "<group>"; };
		0F9A6CB528219729008EDF32 /* StarRatingsView.swift */ = {isa = PBXFileReference; lastKnownFileType = sourcecode.swift; path = StarRatingsView.swift; sourceTree = "<group>"; };
		0F9A6CB72821FA8E008EDF32 /* ImageCacheLoader.swift */ = {isa = PBXFileReference; fileEncoding = 4; lastKnownFileType = sourcecode.swift; path = ImageCacheLoader.swift; sourceTree = "<group>"; };
		8F69569D2821B7F300436F67 /* EndpointProvider.swift */ = {isa = PBXFileReference; lastKnownFileType = sourcecode.swift; path = EndpointProvider.swift; sourceTree = "<group>"; };
		8FA27F0B281EF88000DC32E2 /* ProductsList.swift */ = {isa = PBXFileReference; lastKnownFileType = sourcecode.swift; path = ProductsList.swift; sourceTree = "<group>"; };
		8FA27F0F2820989700DC32E2 /* NetworkClient.swift */ = {isa = PBXFileReference; lastKnownFileType = sourcecode.swift; path = NetworkClient.swift; sourceTree = "<group>"; };
		A877813328171AF600A9584E /* CapitalOneShoppingCartDemo.app */ = {isa = PBXFileReference; explicitFileType = wrapper.application; includeInIndex = 0; path = CapitalOneShoppingCartDemo.app; sourceTree = BUILT_PRODUCTS_DIR; };
		A877813628171AF600A9584E /* AppDelegate.swift */ = {isa = PBXFileReference; lastKnownFileType = sourcecode.swift; path = AppDelegate.swift; sourceTree = "<group>"; };
		A877813828171AF600A9584E /* SceneDelegate.swift */ = {isa = PBXFileReference; lastKnownFileType = sourcecode.swift; path = SceneDelegate.swift; sourceTree = "<group>"; };
		A877813A28171AF600A9584E /* ViewController.swift */ = {isa = PBXFileReference; lastKnownFileType = sourcecode.swift; path = ViewController.swift; sourceTree = "<group>"; };
		A877813F28171AF700A9584E /* Assets.xcassets */ = {isa = PBXFileReference; lastKnownFileType = folder.assetcatalog; path = Assets.xcassets; sourceTree = "<group>"; };
		A877814228171AF700A9584E /* Base */ = {isa = PBXFileReference; lastKnownFileType = file.storyboard; name = Base; path = Base.lproj/LaunchScreen.storyboard; sourceTree = "<group>"; };
		A877814428171AF700A9584E /* Info.plist */ = {isa = PBXFileReference; lastKnownFileType = text.plist.xml; path = Info.plist; sourceTree = "<group>"; };
		A877814928171AF700A9584E /* CapitalOneShoppingCartDemoTests.xctest */ = {isa = PBXFileReference; explicitFileType = wrapper.cfbundle; includeInIndex = 0; path = CapitalOneShoppingCartDemoTests.xctest; sourceTree = BUILT_PRODUCTS_DIR; };
		A877814D28171AF700A9584E /* CapitalOneShoppingCartDemoTests.swift */ = {isa = PBXFileReference; lastKnownFileType = sourcecode.swift; path = CapitalOneShoppingCartDemoTests.swift; sourceTree = "<group>"; };
		A877815328171AF700A9584E /* CapitalOneShoppingCartDemoUITests.xctest */ = {isa = PBXFileReference; explicitFileType = wrapper.cfbundle; includeInIndex = 0; path = CapitalOneShoppingCartDemoUITests.xctest; sourceTree = BUILT_PRODUCTS_DIR; };
		A877815728171AF700A9584E /* CapitalOneShoppingCartDemoUITests.swift */ = {isa = PBXFileReference; lastKnownFileType = sourcecode.swift; path = CapitalOneShoppingCartDemoUITests.swift; sourceTree = "<group>"; };
		A877815928171AF700A9584E /* CapitalOneShoppingCartDemoUITestsLaunchTests.swift */ = {isa = PBXFileReference; lastKnownFileType = sourcecode.swift; path = CapitalOneShoppingCartDemoUITestsLaunchTests.swift; sourceTree = "<group>"; };
/* End PBXFileReference section */

/* Begin PBXFrameworksBuildPhase section */
		A877813028171AF600A9584E /* Frameworks */ = {
			isa = PBXFrameworksBuildPhase;
			buildActionMask = 2147483647;
			files = (
			);
			runOnlyForDeploymentPostprocessing = 0;
		};
		A877814628171AF700A9584E /* Frameworks */ = {
			isa = PBXFrameworksBuildPhase;
			buildActionMask = 2147483647;
			files = (
			);
			runOnlyForDeploymentPostprocessing = 0;
		};
		A877815028171AF700A9584E /* Frameworks */ = {
			isa = PBXFrameworksBuildPhase;
			buildActionMask = 2147483647;
			files = (
			);
			runOnlyForDeploymentPostprocessing = 0;
		};
/* End PBXFrameworksBuildPhase section */

/* Begin PBXGroup section */
		0F9A6C8E281C4350008EDF32 /* ProductList */ = {
			isa = PBXGroup;
			children = (
				0F9A6C8F281C4362008EDF32 /* ProductListView.swift */,
				0F9A6C91281C4374008EDF32 /* ProductListViewController.swift */,
				0F9A6C93281C438B008EDF32 /* ProductListPresenter.swift */,
				0F9A6C95281C43A1008EDF32 /* ProductListInteractor.swift */,
				0F9A6C97281C43AF008EDF32 /* ProductListRouter.swift */,
				0F9A6CAC281C5BD7008EDF32 /* ProductTableViewCell.swift */,
				0F9A6CB528219729008EDF32 /* StarRatingsView.swift */,
			);
			path = ProductList;
			sourceTree = "<group>";
		};
		0F9A6C99281C43B6008EDF32 /* CartList */ = {
			isa = PBXGroup;
			children = (
				0F9A6C9A281C43CA008EDF32 /* CartListView.swift */,
				0F9A6C9C281C43D5008EDF32 /* CartListViewController.swift */,
				0F9A6C9E281C43E0008EDF32 /* CartListPresenter.swift */,
				0F9A6CA0281C43EE008EDF32 /* CartListInteractor.swift */,
			);
			path = CartList;
			sourceTree = "<group>";
		};
		0F9A6CA2281C43F8008EDF32 /* Entities */ = {
			isa = PBXGroup;
			children = (
				8FA27F0B281EF88000DC32E2 /* ProductsList.swift */,
				0F9A6CA3281C4406008EDF32 /* Product.swift */,
			);
			path = Entities;
			sourceTree = "<group>";
		};
		0F9A6CA5281C4422008EDF32 /* Model */ = {
			isa = PBXGroup;
			children = (
				0F9A6CA9281C55EF008EDF32 /* DataModel.swift */,
			);
			path = Model;
			sourceTree = "<group>";
		};
		0F9A6CA6281C5553008EDF32 /* WebService */ = {
			isa = PBXGroup;
			children = (
				0F9A6CA7281C5594008EDF32 /* ProductsWebService.swift */,
				8FA27F0F2820989700DC32E2 /* NetworkClient.swift */,
				8F69569D2821B7F300436F67 /* EndpointProvider.swift */,
			);
			path = WebService;
			sourceTree = "<group>";
		};
		0F9A6CAE281C5FC8008EDF32 /* Extensions */ = {
			isa = PBXGroup;
			children = (
				0F9A6CAF281C5FDE008EDF32 /* UiView+Extension.swift */,
				0F9A6CB72821FA8E008EDF32 /* ImageCacheLoader.swift */,
			);
			path = Extensions;
			sourceTree = "<group>";
		};
		A877812A28171AF600A9584E = {
			isa = PBXGroup;
			children = (
				A877813528171AF600A9584E /* CapitalOneShoppingCartDemo */,
				A877814C28171AF700A9584E /* CapitalOneShoppingCartDemoTests */,
				A877815628171AF700A9584E /* CapitalOneShoppingCartDemoUITests */,
				A877813428171AF600A9584E /* Products */,
			);
			sourceTree = "<group>";
		};
		A877813428171AF600A9584E /* Products */ = {
			isa = PBXGroup;
			children = (
				A877813328171AF600A9584E /* CapitalOneShoppingCartDemo.app */,
				A877814928171AF700A9584E /* CapitalOneShoppingCartDemoTests.xctest */,
				A877815328171AF700A9584E /* CapitalOneShoppingCartDemoUITests.xctest */,
			);
			name = Products;
			sourceTree = "<group>";
		};
		A877813528171AF600A9584E /* CapitalOneShoppingCartDemo */ = {
			isa = PBXGroup;
			children = (
				0F9A6CAE281C5FC8008EDF32 /* Extensions */,
				0F9A6CA6281C5553008EDF32 /* WebService */,
				0F9A6CA5281C4422008EDF32 /* Model */,
				0F9A6CA2281C43F8008EDF32 /* Entities */,
				0F9A6C99281C43B6008EDF32 /* CartList */,
				0F9A6C8E281C4350008EDF32 /* ProductList */,
				A877813628171AF600A9584E /* AppDelegate.swift */,
				A877813828171AF600A9584E /* SceneDelegate.swift */,
				A877813A28171AF600A9584E /* ViewController.swift */,
				A877813F28171AF700A9584E /* Assets.xcassets */,
				A877814128171AF700A9584E /* LaunchScreen.storyboard */,
				A877814428171AF700A9584E /* Info.plist */,
			);
			path = CapitalOneShoppingCartDemo;
			sourceTree = "<group>";
		};
		A877814C28171AF700A9584E /* CapitalOneShoppingCartDemoTests */ = {
			isa = PBXGroup;
			children = (
				A877814D28171AF700A9584E /* CapitalOneShoppingCartDemoTests.swift */,
			);
			path = CapitalOneShoppingCartDemoTests;
			sourceTree = "<group>";
		};
		A877815628171AF700A9584E /* CapitalOneShoppingCartDemoUITests */ = {
			isa = PBXGroup;
			children = (
				A877815728171AF700A9584E /* CapitalOneShoppingCartDemoUITests.swift */,
				A877815928171AF700A9584E /* CapitalOneShoppingCartDemoUITestsLaunchTests.swift */,
			);
			path = CapitalOneShoppingCartDemoUITests;
			sourceTree = "<group>";
		};
/* End PBXGroup section */

/* Begin PBXNativeTarget section */
		A877813228171AF600A9584E /* CapitalOneShoppingCartDemo */ = {
			isa = PBXNativeTarget;
			buildConfigurationList = A877815D28171AF700A9584E /* Build configuration list for PBXNativeTarget "CapitalOneShoppingCartDemo" */;
			buildPhases = (
				A877812F28171AF600A9584E /* Sources */,
				A877813028171AF600A9584E /* Frameworks */,
				A877813128171AF600A9584E /* Resources */,
			);
			buildRules = (
			);
			dependencies = (
			);
			name = CapitalOneShoppingCartDemo;
			productName = CapitalOneShoppingCartDemo;
			productReference = A877813328171AF600A9584E /* CapitalOneShoppingCartDemo.app */;
			productType = "com.apple.product-type.application";
		};
		A877814828171AF700A9584E /* CapitalOneShoppingCartDemoTests */ = {
			isa = PBXNativeTarget;
			buildConfigurationList = A877816028171AF700A9584E /* Build configuration list for PBXNativeTarget "CapitalOneShoppingCartDemoTests" */;
			buildPhases = (
				A877814528171AF700A9584E /* Sources */,
				A877814628171AF700A9584E /* Frameworks */,
				A877814728171AF700A9584E /* Resources */,
			);
			buildRules = (
			);
			dependencies = (
				A877814B28171AF700A9584E /* PBXTargetDependency */,
			);
			name = CapitalOneShoppingCartDemoTests;
			productName = CapitalOneShoppingCartDemoTests;
			productReference = A877814928171AF700A9584E /* CapitalOneShoppingCartDemoTests.xctest */;
			productType = "com.apple.product-type.bundle.unit-test";
		};
		A877815228171AF700A9584E /* CapitalOneShoppingCartDemoUITests */ = {
			isa = PBXNativeTarget;
			buildConfigurationList = A877816328171AF700A9584E /* Build configuration list for PBXNativeTarget "CapitalOneShoppingCartDemoUITests" */;
			buildPhases = (
				A877814F28171AF700A9584E /* Sources */,
				A877815028171AF700A9584E /* Frameworks */,
				A877815128171AF700A9584E /* Resources */,
			);
			buildRules = (
			);
			dependencies = (
				A877815528171AF700A9584E /* PBXTargetDependency */,
			);
			name = CapitalOneShoppingCartDemoUITests;
			productName = CapitalOneShoppingCartDemoUITests;
			productReference = A877815328171AF700A9584E /* CapitalOneShoppingCartDemoUITests.xctest */;
			productType = "com.apple.product-type.bundle.ui-testing";
		};
/* End PBXNativeTarget section */

/* Begin PBXProject section */
		A877812B28171AF600A9584E /* Project object */ = {
			isa = PBXProject;
			attributes = {
				BuildIndependentTargetsInParallel = 1;
				LastSwiftUpdateCheck = 1330;
				LastUpgradeCheck = 1330;
				TargetAttributes = {
					A877813228171AF600A9584E = {
						CreatedOnToolsVersion = 13.3.1;
					};
					A877814828171AF700A9584E = {
						CreatedOnToolsVersion = 13.3.1;
						TestTargetID = A877813228171AF600A9584E;
					};
					A877815228171AF700A9584E = {
						CreatedOnToolsVersion = 13.3.1;
						TestTargetID = A877813228171AF600A9584E;
					};
				};
			};
			buildConfigurationList = A877812E28171AF600A9584E /* Build configuration list for PBXProject "CapitalOneShoppingCartDemo" */;
			compatibilityVersion = "Xcode 13.0";
			developmentRegion = en;
			hasScannedForEncodings = 0;
			knownRegions = (
				en,
				Base,
			);
			mainGroup = A877812A28171AF600A9584E;
			productRefGroup = A877813428171AF600A9584E /* Products */;
			projectDirPath = "";
			projectRoot = "";
			targets = (
				A877813228171AF600A9584E /* CapitalOneShoppingCartDemo */,
				A877814828171AF700A9584E /* CapitalOneShoppingCartDemoTests */,
				A877815228171AF700A9584E /* CapitalOneShoppingCartDemoUITests */,
			);
		};
/* End PBXProject section */

/* Begin PBXResourcesBuildPhase section */
		A877813128171AF600A9584E /* Resources */ = {
			isa = PBXResourcesBuildPhase;
			buildActionMask = 2147483647;
			files = (
				A877814328171AF700A9584E /* LaunchScreen.storyboard in Resources */,
				A877814028171AF700A9584E /* Assets.xcassets in Resources */,
			);
			runOnlyForDeploymentPostprocessing = 0;
		};
		A877814728171AF700A9584E /* Resources */ = {
			isa = PBXResourcesBuildPhase;
			buildActionMask = 2147483647;
			files = (
			);
			runOnlyForDeploymentPostprocessing = 0;
		};
		A877815128171AF700A9584E /* Resources */ = {
			isa = PBXResourcesBuildPhase;
			buildActionMask = 2147483647;
			files = (
			);
			runOnlyForDeploymentPostprocessing = 0;
		};
/* End PBXResourcesBuildPhase section */

/* Begin PBXSourcesBuildPhase section */
		A877812F28171AF600A9584E /* Sources */ = {
			isa = PBXSourcesBuildPhase;
			buildActionMask = 2147483647;
			files = (
				0F9A6C98281C43AF008EDF32 /* ProductListRouter.swift in Sources */,
				0F9A6CB628219729008EDF32 /* StarRatingsView.swift in Sources */,
				0F9A6C90281C4362008EDF32 /* ProductListView.swift in Sources */,
				0F9A6C96281C43A1008EDF32 /* ProductListInteractor.swift in Sources */,
				0F9A6C9F281C43E0008EDF32 /* CartListPresenter.swift in Sources */,
				0F9A6CA1281C43EE008EDF32 /* CartListInteractor.swift in Sources */,
				0F9A6CAA281C55EF008EDF32 /* DataModel.swift in Sources */,
				A877813B28171AF600A9584E /* ViewController.swift in Sources */,
				0F9A6C9D281C43D5008EDF32 /* CartListViewController.swift in Sources */,
				0F9A6C92281C4374008EDF32 /* ProductListViewController.swift in Sources */,
				0F9A6CAD281C5BD7008EDF32 /* ProductTableViewCell.swift in Sources */,
				8FA27F102820989800DC32E2 /* NetworkClient.swift in Sources */,
				A877813728171AF600A9584E /* AppDelegate.swift in Sources */,
				0F9A6C94281C438B008EDF32 /* ProductListPresenter.swift in Sources */,
				A877813928171AF600A9584E /* SceneDelegate.swift in Sources */,
				8F69569E2821B7F300436F67 /* EndpointProvider.swift in Sources */,
				0F9A6CB0281C5FDE008EDF32 /* UiView+Extension.swift in Sources */,
				0F9A6C9B281C43CA008EDF32 /* CartListView.swift in Sources */,
				0F9A6CB82821FA8E008EDF32 /* ImageCacheLoader.swift in Sources */,
				0F9A6CA8281C5595008EDF32 /* ProductsWebService.swift in Sources */,
				0F9A6CA4281C4406008EDF32 /* Product.swift in Sources */,
				8FA27F0C281EF88000DC32E2 /* ProductsList.swift in Sources */,
			);
			runOnlyForDeploymentPostprocessing = 0;
		};
		A877814528171AF700A9584E /* Sources */ = {
			isa = PBXSourcesBuildPhase;
			buildActionMask = 2147483647;
			files = (
				A877814E28171AF700A9584E /* CapitalOneShoppingCartDemoTests.swift in Sources */,
			);
			runOnlyForDeploymentPostprocessing = 0;
		};
		A877814F28171AF700A9584E /* Sources */ = {
			isa = PBXSourcesBuildPhase;
			buildActionMask = 2147483647;
			files = (
				A877815828171AF700A9584E /* CapitalOneShoppingCartDemoUITests.swift in Sources */,
				A877815A28171AF700A9584E /* CapitalOneShoppingCartDemoUITestsLaunchTests.swift in Sources */,
			);
			runOnlyForDeploymentPostprocessing = 0;
		};
/* End PBXSourcesBuildPhase section */

/* Begin PBXTargetDependency section */
		A877814B28171AF700A9584E /* PBXTargetDependency */ = {
			isa = PBXTargetDependency;
			target = A877813228171AF600A9584E /* CapitalOneShoppingCartDemo */;
			targetProxy = A877814A28171AF700A9584E /* PBXContainerItemProxy */;
		};
		A877815528171AF700A9584E /* PBXTargetDependency */ = {
			isa = PBXTargetDependency;
			target = A877813228171AF600A9584E /* CapitalOneShoppingCartDemo */;
			targetProxy = A877815428171AF700A9584E /* PBXContainerItemProxy */;
		};
/* End PBXTargetDependency section */

/* Begin PBXVariantGroup section */
		A877814128171AF700A9584E /* LaunchScreen.storyboard */ = {
			isa = PBXVariantGroup;
			children = (
				A877814228171AF700A9584E /* Base */,
			);
			name = LaunchScreen.storyboard;
			sourceTree = "<group>";
		};
/* End PBXVariantGroup section */

/* Begin XCBuildConfiguration section */
		A877815B28171AF700A9584E /* Debug */ = {
			isa = XCBuildConfiguration;
			buildSettings = {
				ALWAYS_SEARCH_USER_PATHS = NO;
				CLANG_ANALYZER_NONNULL = YES;
				CLANG_ANALYZER_NUMBER_OBJECT_CONVERSION = YES_AGGRESSIVE;
				CLANG_CXX_LANGUAGE_STANDARD = "gnu++17";
				CLANG_ENABLE_MODULES = YES;
				CLANG_ENABLE_OBJC_ARC = YES;
				CLANG_ENABLE_OBJC_WEAK = YES;
				CLANG_WARN_BLOCK_CAPTURE_AUTORELEASING = YES;
				CLANG_WARN_BOOL_CONVERSION = YES;
				CLANG_WARN_COMMA = YES;
				CLANG_WARN_CONSTANT_CONVERSION = YES;
				CLANG_WARN_DEPRECATED_OBJC_IMPLEMENTATIONS = YES;
				CLANG_WARN_DIRECT_OBJC_ISA_USAGE = YES_ERROR;
				CLANG_WARN_DOCUMENTATION_COMMENTS = YES;
				CLANG_WARN_EMPTY_BODY = YES;
				CLANG_WARN_ENUM_CONVERSION = YES;
				CLANG_WARN_INFINITE_RECURSION = YES;
				CLANG_WARN_INT_CONVERSION = YES;
				CLANG_WARN_NON_LITERAL_NULL_CONVERSION = YES;
				CLANG_WARN_OBJC_IMPLICIT_RETAIN_SELF = YES;
				CLANG_WARN_OBJC_LITERAL_CONVERSION = YES;
				CLANG_WARN_OBJC_ROOT_CLASS = YES_ERROR;
				CLANG_WARN_QUOTED_INCLUDE_IN_FRAMEWORK_HEADER = YES;
				CLANG_WARN_RANGE_LOOP_ANALYSIS = YES;
				CLANG_WARN_STRICT_PROTOTYPES = YES;
				CLANG_WARN_SUSPICIOUS_MOVE = YES;
				CLANG_WARN_UNGUARDED_AVAILABILITY = YES_AGGRESSIVE;
				CLANG_WARN_UNREACHABLE_CODE = YES;
				CLANG_WARN__DUPLICATE_METHOD_MATCH = YES;
				COPY_PHASE_STRIP = NO;
				DEBUG_INFORMATION_FORMAT = dwarf;
				ENABLE_STRICT_OBJC_MSGSEND = YES;
				ENABLE_TESTABILITY = YES;
				GCC_C_LANGUAGE_STANDARD = gnu11;
				GCC_DYNAMIC_NO_PIC = NO;
				GCC_NO_COMMON_BLOCKS = YES;
				GCC_OPTIMIZATION_LEVEL = 0;
				GCC_PREPROCESSOR_DEFINITIONS = (
					"DEBUG=1",
					"$(inherited)",
				);
				GCC_WARN_64_TO_32_BIT_CONVERSION = YES;
				GCC_WARN_ABOUT_RETURN_TYPE = YES_ERROR;
				GCC_WARN_UNDECLARED_SELECTOR = YES;
				GCC_WARN_UNINITIALIZED_AUTOS = YES_AGGRESSIVE;
				GCC_WARN_UNUSED_FUNCTION = YES;
				GCC_WARN_UNUSED_VARIABLE = YES;
				IPHONEOS_DEPLOYMENT_TARGET = 15.4;
				MTL_ENABLE_DEBUG_INFO = INCLUDE_SOURCE;
				MTL_FAST_MATH = YES;
				ONLY_ACTIVE_ARCH = YES;
				SDKROOT = iphoneos;
				SWIFT_ACTIVE_COMPILATION_CONDITIONS = DEBUG;
				SWIFT_OPTIMIZATION_LEVEL = "-Onone";
			};
			name = Debug;
		};
		A877815C28171AF700A9584E /* Release */ = {
			isa = XCBuildConfiguration;
			buildSettings = {
				ALWAYS_SEARCH_USER_PATHS = NO;
				CLANG_ANALYZER_NONNULL = YES;
				CLANG_ANALYZER_NUMBER_OBJECT_CONVERSION = YES_AGGRESSIVE;
				CLANG_CXX_LANGUAGE_STANDARD = "gnu++17";
				CLANG_ENABLE_MODULES = YES;
				CLANG_ENABLE_OBJC_ARC = YES;
				CLANG_ENABLE_OBJC_WEAK = YES;
				CLANG_WARN_BLOCK_CAPTURE_AUTORELEASING = YES;
				CLANG_WARN_BOOL_CONVERSION = YES;
				CLANG_WARN_COMMA = YES;
				CLANG_WARN_CONSTANT_CONVERSION = YES;
				CLANG_WARN_DEPRECATED_OBJC_IMPLEMENTATIONS = YES;
				CLANG_WARN_DIRECT_OBJC_ISA_USAGE = YES_ERROR;
				CLANG_WARN_DOCUMENTATION_COMMENTS = YES;
				CLANG_WARN_EMPTY_BODY = YES;
				CLANG_WARN_ENUM_CONVERSION = YES;
				CLANG_WARN_INFINITE_RECURSION = YES;
				CLANG_WARN_INT_CONVERSION = YES;
				CLANG_WARN_NON_LITERAL_NULL_CONVERSION = YES;
				CLANG_WARN_OBJC_IMPLICIT_RETAIN_SELF = YES;
				CLANG_WARN_OBJC_LITERAL_CONVERSION = YES;
				CLANG_WARN_OBJC_ROOT_CLASS = YES_ERROR;
				CLANG_WARN_QUOTED_INCLUDE_IN_FRAMEWORK_HEADER = YES;
				CLANG_WARN_RANGE_LOOP_ANALYSIS = YES;
				CLANG_WARN_STRICT_PROTOTYPES = YES;
				CLANG_WARN_SUSPICIOUS_MOVE = YES;
				CLANG_WARN_UNGUARDED_AVAILABILITY = YES_AGGRESSIVE;
				CLANG_WARN_UNREACHABLE_CODE = YES;
				CLANG_WARN__DUPLICATE_METHOD_MATCH = YES;
				COPY_PHASE_STRIP = NO;
				DEBUG_INFORMATION_FORMAT = "dwarf-with-dsym";
				ENABLE_NS_ASSERTIONS = NO;
				ENABLE_STRICT_OBJC_MSGSEND = YES;
				GCC_C_LANGUAGE_STANDARD = gnu11;
				GCC_NO_COMMON_BLOCKS = YES;
				GCC_WARN_64_TO_32_BIT_CONVERSION = YES;
				GCC_WARN_ABOUT_RETURN_TYPE = YES_ERROR;
				GCC_WARN_UNDECLARED_SELECTOR = YES;
				GCC_WARN_UNINITIALIZED_AUTOS = YES_AGGRESSIVE;
				GCC_WARN_UNUSED_FUNCTION = YES;
				GCC_WARN_UNUSED_VARIABLE = YES;
				IPHONEOS_DEPLOYMENT_TARGET = 15.4;
				MTL_ENABLE_DEBUG_INFO = NO;
				MTL_FAST_MATH = YES;
				SDKROOT = iphoneos;
				SWIFT_COMPILATION_MODE = wholemodule;
				SWIFT_OPTIMIZATION_LEVEL = "-O";
				VALIDATE_PRODUCT = YES;
			};
			name = Release;
		};
		A877815E28171AF700A9584E /* Debug */ = {
			isa = XCBuildConfiguration;
			buildSettings = {
				ASSETCATALOG_COMPILER_APPICON_NAME = AppIcon;
				ASSETCATALOG_COMPILER_GLOBAL_ACCENT_COLOR_NAME = AccentColor;
				CODE_SIGN_STYLE = Automatic;
				CURRENT_PROJECT_VERSION = 1;
				DEVELOPMENT_TEAM = 5DYJ7634L5;
				GENERATE_INFOPLIST_FILE = YES;
				INFOPLIST_FILE = CapitalOneShoppingCartDemo/Info.plist;
				INFOPLIST_KEY_UIApplicationSupportsIndirectInputEvents = YES;
				INFOPLIST_KEY_UILaunchStoryboardName = LaunchScreen;
				INFOPLIST_KEY_UISupportedInterfaceOrientations_iPad = "UIInterfaceOrientationPortrait UIInterfaceOrientationPortraitUpsideDown UIInterfaceOrientationLandscapeLeft UIInterfaceOrientationLandscapeRight";
				INFOPLIST_KEY_UISupportedInterfaceOrientations_iPhone = "UIInterfaceOrientationPortrait UIInterfaceOrientationLandscapeLeft UIInterfaceOrientationLandscapeRight";
				IPHONEOS_DEPLOYMENT_TARGET = 15.0;
				LD_RUNPATH_SEARCH_PATHS = (
					"$(inherited)",
					"@executable_path/Frameworks",
				);
				MARKETING_VERSION = 1.0;
				PRODUCT_BUNDLE_IDENTIFIER = com.designerGenes.CapitalOneShoppingCartDemo;
				PRODUCT_NAME = "$(TARGET_NAME)";
				SWIFT_EMIT_LOC_STRINGS = YES;
				SWIFT_VERSION = 5.0;
				TARGETED_DEVICE_FAMILY = "1,2";
			};
			name = Debug;
		};
		A877815F28171AF700A9584E /* Release */ = {
			isa = XCBuildConfiguration;
			buildSettings = {
				ASSETCATALOG_COMPILER_APPICON_NAME = AppIcon;
				ASSETCATALOG_COMPILER_GLOBAL_ACCENT_COLOR_NAME = AccentColor;
				CODE_SIGN_STYLE = Automatic;
				CURRENT_PROJECT_VERSION = 1;
				DEVELOPMENT_TEAM = 5DYJ7634L5;
				GENERATE_INFOPLIST_FILE = YES;
				INFOPLIST_FILE = CapitalOneShoppingCartDemo/Info.plist;
				INFOPLIST_KEY_UIApplicationSupportsIndirectInputEvents = YES;
				INFOPLIST_KEY_UILaunchStoryboardName = LaunchScreen;
				INFOPLIST_KEY_UISupportedInterfaceOrientations_iPad = "UIInterfaceOrientationPortrait UIInterfaceOrientationPortraitUpsideDown UIInterfaceOrientationLandscapeLeft UIInterfaceOrientationLandscapeRight";
				INFOPLIST_KEY_UISupportedInterfaceOrientations_iPhone = "UIInterfaceOrientationPortrait UIInterfaceOrientationLandscapeLeft UIInterfaceOrientationLandscapeRight";
				IPHONEOS_DEPLOYMENT_TARGET = 15.0;
				LD_RUNPATH_SEARCH_PATHS = (
					"$(inherited)",
					"@executable_path/Frameworks",
				);
				MARKETING_VERSION = 1.0;
				PRODUCT_BUNDLE_IDENTIFIER = com.designerGenes.CapitalOneShoppingCartDemo;
				PRODUCT_NAME = "$(TARGET_NAME)";
				SWIFT_EMIT_LOC_STRINGS = YES;
				SWIFT_VERSION = 5.0;
				TARGETED_DEVICE_FAMILY = "1,2";
			};
			name = Release;
		};
		A877816128171AF700A9584E /* Debug */ = {
			isa = XCBuildConfiguration;
			buildSettings = {
				ALWAYS_EMBED_SWIFT_STANDARD_LIBRARIES = YES;
				BUNDLE_LOADER = "$(TEST_HOST)";
				CODE_SIGN_STYLE = Automatic;
				CURRENT_PROJECT_VERSION = 1;
				DEVELOPMENT_TEAM = 5DYJ7634L5;
				GENERATE_INFOPLIST_FILE = YES;
				IPHONEOS_DEPLOYMENT_TARGET = 15.4;
				MARKETING_VERSION = 1.0;
				PRODUCT_BUNDLE_IDENTIFIER = com.designerGenes.CapitalOneShoppingCartDemoTests;
				PRODUCT_NAME = "$(TARGET_NAME)";
				SWIFT_EMIT_LOC_STRINGS = NO;
				SWIFT_VERSION = 5.0;
				TARGETED_DEVICE_FAMILY = "1,2";
				TEST_HOST = "$(BUILT_PRODUCTS_DIR)/CapitalOneShoppingCartDemo.app/CapitalOneShoppingCartDemo";
			};
			name = Debug;
		};
		A877816228171AF700A9584E /* Release */ = {
			isa = XCBuildConfiguration;
			buildSettings = {
				ALWAYS_EMBED_SWIFT_STANDARD_LIBRARIES = YES;
				BUNDLE_LOADER = "$(TEST_HOST)";
				CODE_SIGN_STYLE = Automatic;
				CURRENT_PROJECT_VERSION = 1;
				DEVELOPMENT_TEAM = 5DYJ7634L5;
				GENERATE_INFOPLIST_FILE = YES;
				IPHONEOS_DEPLOYMENT_TARGET = 15.4;
				MARKETING_VERSION = 1.0;
				PRODUCT_BUNDLE_IDENTIFIER = com.designerGenes.CapitalOneShoppingCartDemoTests;
				PRODUCT_NAME = "$(TARGET_NAME)";
				SWIFT_EMIT_LOC_STRINGS = NO;
				SWIFT_VERSION = 5.0;
				TARGETED_DEVICE_FAMILY = "1,2";
				TEST_HOST = "$(BUILT_PRODUCTS_DIR)/CapitalOneShoppingCartDemo.app/CapitalOneShoppingCartDemo";
			};
			name = Release;
		};
		A877816428171AF700A9584E /* Debug */ = {
			isa = XCBuildConfiguration;
			buildSettings = {
				ALWAYS_EMBED_SWIFT_STANDARD_LIBRARIES = YES;
				CODE_SIGN_STYLE = Automatic;
				CURRENT_PROJECT_VERSION = 1;
				DEVELOPMENT_TEAM = 5DYJ7634L5;
				GENERATE_INFOPLIST_FILE = YES;
				MARKETING_VERSION = 1.0;
				PRODUCT_BUNDLE_IDENTIFIER = com.designerGenes.CapitalOneShoppingCartDemoUITests;
				PRODUCT_NAME = "$(TARGET_NAME)";
				SWIFT_EMIT_LOC_STRINGS = NO;
				SWIFT_VERSION = 5.0;
				TARGETED_DEVICE_FAMILY = "1,2";
				TEST_TARGET_NAME = CapitalOneShoppingCartDemo;
			};
			name = Debug;
		};
		A877816528171AF700A9584E /* Release */ = {
			isa = XCBuildConfiguration;
			buildSettings = {
				ALWAYS_EMBED_SWIFT_STANDARD_LIBRARIES = YES;
				CODE_SIGN_STYLE = Automatic;
				CURRENT_PROJECT_VERSION = 1;
				DEVELOPMENT_TEAM = 5DYJ7634L5;
				GENERATE_INFOPLIST_FILE = YES;
				MARKETING_VERSION = 1.0;
				PRODUCT_BUNDLE_IDENTIFIER = com.designerGenes.CapitalOneShoppingCartDemoUITests;
				PRODUCT_NAME = "$(TARGET_NAME)";
				SWIFT_EMIT_LOC_STRINGS = NO;
				SWIFT_VERSION = 5.0;
				TARGETED_DEVICE_FAMILY = "1,2";
				TEST_TARGET_NAME = CapitalOneShoppingCartDemo;
			};
			name = Release;
		};
/* End XCBuildConfiguration section */

/* Begin XCConfigurationList section */
		A877812E28171AF600A9584E /* Build configuration list for PBXProject "CapitalOneShoppingCartDemo" */ = {
			isa = XCConfigurationList;
			buildConfigurations = (
				A877815B28171AF700A9584E /* Debug */,
				A877815C28171AF700A9584E /* Release */,
			);
			defaultConfigurationIsVisible = 0;
			defaultConfigurationName = Release;
		};
		A877815D28171AF700A9584E /* Build configuration list for PBXNativeTarget "CapitalOneShoppingCartDemo" */ = {
			isa = XCConfigurationList;
			buildConfigurations = (
				A877815E28171AF700A9584E /* Debug */,
				A877815F28171AF700A9584E /* Release */,
			);
			defaultConfigurationIsVisible = 0;
			defaultConfigurationName = Release;
		};
		A877816028171AF700A9584E /* Build configuration list for PBXNativeTarget "CapitalOneShoppingCartDemoTests" */ = {
			isa = XCConfigurationList;
			buildConfigurations = (
				A877816128171AF700A9584E /* Debug */,
				A877816228171AF700A9584E /* Release */,
			);
			defaultConfigurationIsVisible = 0;
			defaultConfigurationName = Release;
		};
		A877816328171AF700A9584E /* Build configuration list for PBXNativeTarget "CapitalOneShoppingCartDemoUITests" */ = {
			isa = XCConfigurationList;
			buildConfigurations = (
				A877816428171AF700A9584E /* Debug */,
				A877816528171AF700A9584E /* Release */,
			);
			defaultConfigurationIsVisible = 0;
			defaultConfigurationName = Release;
		};
/* End XCConfigurationList section */
	};
	rootObject = A877812B28171AF600A9584E /* Project object */;
}
